{
  "name": "json-api-debugger",
  "version": "0.0.1",
  "lockfileVersion": 1,
  "requires": true,
  "dependencies": {
    "htm": {
      "version": "2.1.1",
      "resolved": "https://registry.npmjs.org/htm/-/htm-2.1.1.tgz",
      "integrity": "sha512-jgvB9nvlOE5xpI1W+juW8DPCe+Pn7mRDNaE4EOQNFqROm0O3l5deOvefK8C8hUaL1OHIX45mDEBSj7BMt+22VQ=="
    },
    "kitsu-core": {
      "version": "7.0.4",
      "resolved": "https://registry.npmjs.org/kitsu-core/-/kitsu-core-7.0.4.tgz",
      "integrity": "sha512-aOaZnA36i/j8ba1oitI2UHeucYEM0Y3VWif0VENBpoNLmJnvLKOJfcXd0p6yJoOr4TMb26Ad3VDNKdtRcThq+w=="
    },
    "preact": {
      "version": "8.4.2",
      "resolved": "https://registry.npmjs.org/preact/-/preact-8.4.2.tgz",
      "integrity": "sha512-TsINETWiisfB6RTk0wh3/mvxbGRvx+ljeBccZ4Z6MPFKgu/KFGyf2Bmw3Z/jlXhL5JlNKY6QAbA9PVyzIy9//A=="
    },
    "zora": {
      "version": "3.0.1",
      "resolved": "https://registry.npmjs.org/zora/-/zora-3.0.1.tgz",
      "integrity": "sha512-RAlYsN8t15LfeinhaXdUt3ytFqBpupm7/5vsB/IO+z/Y1drNoIW5wIokv92MN66/ne1jQY2lA0iEm6/gtREaBw==",
      "dev": true
    }
  }
}
